
Microsoft Visual Studio Solution File, Format Version 12.00
# Visual Studio Version 16
VisualStudioVersion = 16.0.30104.148
MinimumVisualStudioVersion = 10.0.40219.1
Project("{8BC9CEB8-8B4A-11D0-8D11-00A0C91BC942}") = "Game_OpenGL_Project", "Game_OpenGL_Project\Game_OpenGL_Project.vcxproj", "{95C2C58D-B18F-4A96-8270-CB92D9167AA6}"
EndProject
Global
	GlobalSection(SolutionConfigurationPlatforms) = preSolution
		Debug|x64 = Debug|x64
		Debug|x86 = Debug|x86
		Release|x64 = Release|x64
		Release|x86 = Release|x86
	EndGlobalSection
	GlobalSection(ProjectConfigurationPlatforms) = postSolution
		{95C2C58D-B18F-4A96-8270-CB92D9167AA6}.Debug|x64.ActiveCfg = Debug|x64
		{95C2C58D-B18F-4A96-8270-CB92D9167AA6}.Debug|x64.Build.0 = Debug|x64
		{95C2C58D-B18F-4A96-8270-CB92D9167AA6}.Debug|x86.ActiveCfg = Debug|Win32
		{95C2C58D-B18F-4A96-8270-CB92D9167AA6}.Debug|x86.Build.0 = Debug|Win32
		{95C2C58D-B18F-4A96-8270-CB92D9167AA6}.Release|x64.ActiveCfg = Release|x64
		{95C2C58D-B18F-4A96-8270-CB92D9167AA6}.Release|x64.Build.0 = Release|x64
		{95C2C58D-B18F-4A96-8270-CB92D9167AA6}.Release|x86.ActiveCfg = Release|Win32
		{95C2C58D-B18F-4A96-8270-CB92D9167AA6}.Release|x86.Build.0 = Release|Win32
	EndGlobalSection
	GlobalSection(SolutionProperties) = preSolution
		HideSolutionNode = FALSE
	EndGlobalSection
	GlobalSection(ExtensibilityGlobals) = postSolution
		SolutionGuid = {3B92D0AD-17B4-45FC-B90E-DCB096017289}
	EndGlobalSection
EndGlobal
